
Microsoft Visual Studio Solution File, Format Version 12.00
# Visual Studio Version 16
VisualStudioVersion = 16.0.31624.102
MinimumVisualStudioVersion = 10.0.40219.1
Project("{FAE04EC0-301F-11D3-BF4B-00C04F79EFBC}") = "hello world", "hello world\hello world.csproj", "{B8EF4311-E0ED-46F0-8AE3-11D312D3CF81}"
EndProject
Global
	GlobalSection(SolutionConfigurationPlatforms) = preSolution
		Debug|Any CPU = Debug|Any CPU
		Release|Any CPU = Release|Any CPU
	EndGlobalSection
	GlobalSection(ProjectConfigurationPlatforms) = postSolution
		{B8EF4311-E0ED-46F0-8AE3-11D312D3CF81}.Debug|Any CPU.ActiveCfg = Debug|Any CPU
		{B8EF4311-E0ED-46F0-8AE3-11D312D3CF81}.Debug|Any CPU.Build.0 = Debug|Any CPU
		{B8EF4311-E0ED-46F0-8AE3-11D312D3CF81}.Release|Any CPU.ActiveCfg = Release|Any CPU
		{B8EF4311-E0ED-46F0-8AE3-11D312D3CF81}.Release|Any CPU.Build.0 = Release|Any CPU
	EndGlobalSection
	GlobalSection(SolutionProperties) = preSolution
		HideSolutionNode = FALSE
	EndGlobalSection
	GlobalSection(ExtensibilityGlobals) = postSolution
		SolutionGuid = {B6AE25A4-E238-4A93-A308-E51A0C985C7B}
	EndGlobalSection
EndGlobal
